
Microsoft Visual Studio Solution File, Format Version 12.00
# Visual Studio Version 16
VisualStudioVersion = 16.0.30523.141
MinimumVisualStudioVersion = 10.0.40219.1
Project("{FAE04EC0-301F-11D3-BF4B-00C04F79EFBC}") = "CarWorld", "CarWorld\CarWorld.csproj", "{BFD0F89D-0C16-4DD0-BE1C-0260AD3BA7F1}"
EndProject
Global
	GlobalSection(SolutionConfigurationPlatforms) = preSolution
		Debug|Any CPU = Debug|Any CPU
		Release|Any CPU = Release|Any CPU
	EndGlobalSection
	GlobalSection(ProjectConfigurationPlatforms) = postSolution
		{BFD0F89D-0C16-4DD0-BE1C-0260AD3BA7F1}.Debug|Any CPU.ActiveCfg = Debug|Any CPU
		{BFD0F89D-0C16-4DD0-BE1C-0260AD3BA7F1}.Debug|Any CPU.Build.0 = Debug|Any CPU
		{BFD0F89D-0C16-4DD0-BE1C-0260AD3BA7F1}.Release|Any CPU.ActiveCfg = Release|Any CPU
		{BFD0F89D-0C16-4DD0-BE1C-0260AD3BA7F1}.Release|Any CPU.Build.0 = Release|Any CPU
	EndGlobalSection
	GlobalSection(SolutionProperties) = preSolution
		HideSolutionNode = FALSE
	EndGlobalSection
	GlobalSection(ExtensibilityGlobals) = postSolution
		SolutionGuid = {070E388A-9F25-4DCC-A457-67A4C41345CC}
	EndGlobalSection
EndGlobal
